
Microsoft Visual Studio Solution File, Format Version 12.00
# Visual Studio Version 16
VisualStudioVersion = 16.0.30309.148
MinimumVisualStudioVersion = 10.0.40219.1
Project("{FAE04EC0-301F-11D3-BF4B-00C04F79EFBC}") = "Curso_csharp_6_metodos", "Curso_csharp_6_metodos\Curso_csharp_6_metodos.csproj", "{FF01B7D5-A0F1-42F3-A2BD-9FFBABD3FD79}"
EndProject
Global
	GlobalSection(SolutionConfigurationPlatforms) = preSolution
		Debug|Any CPU = Debug|Any CPU
		Release|Any CPU = Release|Any CPU
	EndGlobalSection
	GlobalSection(ProjectConfigurationPlatforms) = postSolution
		{FF01B7D5-A0F1-42F3-A2BD-9FFBABD3FD79}.Debug|Any CPU.ActiveCfg = Debug|Any CPU
		{FF01B7D5-A0F1-42F3-A2BD-9FFBABD3FD79}.Debug|Any CPU.Build.0 = Debug|Any CPU
		{FF01B7D5-A0F1-42F3-A2BD-9FFBABD3FD79}.Release|Any CPU.ActiveCfg = Release|Any CPU
		{FF01B7D5-A0F1-42F3-A2BD-9FFBABD3FD79}.Release|Any CPU.Build.0 = Release|Any CPU
	EndGlobalSection
	GlobalSection(SolutionProperties) = preSolution
		HideSolutionNode = FALSE
	EndGlobalSection
	GlobalSection(ExtensibilityGlobals) = postSolution
		SolutionGuid = {B588A02F-7F9A-4D1F-8690-75D67C0B4C8D}
	EndGlobalSection
EndGlobal
