
Microsoft Visual Studio Solution File, Format Version 12.00
# Visual Studio Version 16
VisualStudioVersion = 16.0.30309.148
MinimumVisualStudioVersion = 10.0.40219.1
Project("{FAE04EC0-301F-11D3-BF4B-00C04F79EFBC}") = "curso_csharp_1", "curso_csharp_1\curso_csharp_1.csproj", "{57B33E4D-4722-42F5-884C-6E1B404CD1F0}"
EndProject
Global
	GlobalSection(SolutionConfigurationPlatforms) = preSolution
		Debug|Any CPU = Debug|Any CPU
		Release|Any CPU = Release|Any CPU
	EndGlobalSection
	GlobalSection(ProjectConfigurationPlatforms) = postSolution
		{57B33E4D-4722-42F5-884C-6E1B404CD1F0}.Debug|Any CPU.ActiveCfg = Debug|Any CPU
		{57B33E4D-4722-42F5-884C-6E1B404CD1F0}.Debug|Any CPU.Build.0 = Debug|Any CPU
		{57B33E4D-4722-42F5-884C-6E1B404CD1F0}.Release|Any CPU.ActiveCfg = Release|Any CPU
		{57B33E4D-4722-42F5-884C-6E1B404CD1F0}.Release|Any CPU.Build.0 = Release|Any CPU
	EndGlobalSection
	GlobalSection(SolutionProperties) = preSolution
		HideSolutionNode = FALSE
	EndGlobalSection
	GlobalSection(ExtensibilityGlobals) = postSolution
		SolutionGuid = {6315F5BB-A813-48AC-8476-6027A25A644D}
	EndGlobalSection
EndGlobal
